
Microsoft Visual Studio Solution File, Format Version 12.00
# Visual Studio 15
VisualStudioVersion = 15.0.27428.2005
MinimumVisualStudioVersion = 10.0.40219.1
Project("{FAE04EC0-301F-11D3-BF4B-00C04F79EFBC}") = "App1", "App1\App1.csproj", "{C344D159-F2BE-48B5-829B-5B5D5B3DDDA4}"
EndProject
Global
	GlobalSection(SolutionConfigurationPlatforms) = preSolution
		Debug|Any CPU = Debug|Any CPU
		Release|Any CPU = Release|Any CPU
	EndGlobalSection
	GlobalSection(ProjectConfigurationPlatforms) = postSolution
		{C344D159-F2BE-48B5-829B-5B5D5B3DDDA4}.Debug|Any CPU.ActiveCfg = Debug|Any CPU
		{C344D159-F2BE-48B5-829B-5B5D5B3DDDA4}.Debug|Any CPU.Build.0 = Debug|Any CPU
		{C344D159-F2BE-48B5-829B-5B5D5B3DDDA4}.Debug|Any CPU.Deploy.0 = Debug|Any CPU
		{C344D159-F2BE-48B5-829B-5B5D5B3DDDA4}.Release|Any CPU.ActiveCfg = Release|Any CPU
		{C344D159-F2BE-48B5-829B-5B5D5B3DDDA4}.Release|Any CPU.Build.0 = Release|Any CPU
		{C344D159-F2BE-48B5-829B-5B5D5B3DDDA4}.Release|Any CPU.Deploy.0 = Release|Any CPU
	EndGlobalSection
	GlobalSection(SolutionProperties) = preSolution
		HideSolutionNode = FALSE
	EndGlobalSection
	GlobalSection(ExtensibilityGlobals) = postSolution
		SolutionGuid = {D2A3059D-C976-4611-859C-925C60E6DA6B}
	EndGlobalSection
EndGlobal
